
Microsoft Visual Studio Solution File, Format Version 12.00
# Visual Studio Version 17
VisualStudioVersion = 17.13.35605.110 d17.13
MinimumVisualStudioVersion = 10.0.40219.1
Project("{FAE04EC0-301F-11D3-BF4B-00C04F79EFBC}") = "Sapin de Noël", "Sapin de Noël\Sapin de Noël.csproj", "{DEC60A29-EF3B-48DC-89AD-D120D829C081}"
EndProject
Global
	GlobalSection(SolutionConfigurationPlatforms) = preSolution
		Debug|Any CPU = Debug|Any CPU
		Release|Any CPU = Release|Any CPU
	EndGlobalSection
	GlobalSection(ProjectConfigurationPlatforms) = postSolution
		{DEC60A29-EF3B-48DC-89AD-D120D829C081}.Debug|Any CPU.ActiveCfg = Debug|Any CPU
		{DEC60A29-EF3B-48DC-89AD-D120D829C081}.Debug|Any CPU.Build.0 = Debug|Any CPU
		{DEC60A29-EF3B-48DC-89AD-D120D829C081}.Release|Any CPU.ActiveCfg = Release|Any CPU
		{DEC60A29-EF3B-48DC-89AD-D120D829C081}.Release|Any CPU.Build.0 = Release|Any CPU
	EndGlobalSection
	GlobalSection(SolutionProperties) = preSolution
		HideSolutionNode = FALSE
	EndGlobalSection
	GlobalSection(ExtensibilityGlobals) = postSolution
		SolutionGuid = {1FEB0E4C-A677-4334-9D4C-5B3497268840}
	EndGlobalSection
EndGlobal
